
Microsoft Visual Studio Solution File, Format Version 12.00
# Visual Studio Version 16
VisualStudioVersion = 16.0.32602.291
MinimumVisualStudioVersion = 10.0.40219.1
Project("{9A19103F-16F7-4668-BE54-9A1E7A4F7556}") = "RPLM.BL", "RPLM.BL\RPLM.BL.csproj", "{75FB1684-EC2D-4F17-B904-789EA077428A}"
EndProject
Project("{FAE04EC0-301F-11D3-BF4B-00C04F79EFBC}") = "RPLM.BL.Tests", "RPLM.BL.Tests\RPLM.BL.Tests.csproj", "{B6A4E6BF-8AAF-4113-8DDA-F0CFFCBFE846}"
EndProject
Global
	GlobalSection(SolutionConfigurationPlatforms) = preSolution
		Debug|Any CPU = Debug|Any CPU
		Release|Any CPU = Release|Any CPU
	EndGlobalSection
	GlobalSection(ProjectConfigurationPlatforms) = postSolution
		{75FB1684-EC2D-4F17-B904-789EA077428A}.Debug|Any CPU.ActiveCfg = Debug|Any CPU
		{75FB1684-EC2D-4F17-B904-789EA077428A}.Debug|Any CPU.Build.0 = Debug|Any CPU
		{75FB1684-EC2D-4F17-B904-789EA077428A}.Release|Any CPU.ActiveCfg = Release|Any CPU
		{75FB1684-EC2D-4F17-B904-789EA077428A}.Release|Any CPU.Build.0 = Release|Any CPU
		{B6A4E6BF-8AAF-4113-8DDA-F0CFFCBFE846}.Debug|Any CPU.ActiveCfg = Debug|Any CPU
		{B6A4E6BF-8AAF-4113-8DDA-F0CFFCBFE846}.Debug|Any CPU.Build.0 = Debug|Any CPU
		{B6A4E6BF-8AAF-4113-8DDA-F0CFFCBFE846}.Release|Any CPU.ActiveCfg = Release|Any CPU
		{B6A4E6BF-8AAF-4113-8DDA-F0CFFCBFE846}.Release|Any CPU.Build.0 = Release|Any CPU
	EndGlobalSection
	GlobalSection(SolutionProperties) = preSolution
		HideSolutionNode = FALSE
	EndGlobalSection
	GlobalSection(ExtensibilityGlobals) = postSolution
		SolutionGuid = {54B301FD-1C7D-4AED-9AA4-0FE3FA9594B6}
	EndGlobalSection
EndGlobal
